
Microsoft Visual Studio Solution File, Format Version 12.00
# Visual Studio Version 17
VisualStudioVersion = 17.2.32630.192
MinimumVisualStudioVersion = 10.0.40219.1
Project("{FAE04EC0-301F-11D3-BF4B-00C04F79EFBC}") = "GameOfLive", "GameOfLive\GameOfLive.csproj", "{DDF24DEA-39B8-43D5-8690-C86C906E34DA}"
EndProject
Global
	GlobalSection(SolutionConfigurationPlatforms) = preSolution
		Debug|Any CPU = Debug|Any CPU
		Release|Any CPU = Release|Any CPU
	EndGlobalSection
	GlobalSection(ProjectConfigurationPlatforms) = postSolution
		{DDF24DEA-39B8-43D5-8690-C86C906E34DA}.Debug|Any CPU.ActiveCfg = Debug|Any CPU
		{DDF24DEA-39B8-43D5-8690-C86C906E34DA}.Debug|Any CPU.Build.0 = Debug|Any CPU
		{DDF24DEA-39B8-43D5-8690-C86C906E34DA}.Release|Any CPU.ActiveCfg = Release|Any CPU
		{DDF24DEA-39B8-43D5-8690-C86C906E34DA}.Release|Any CPU.Build.0 = Release|Any CPU
	EndGlobalSection
	GlobalSection(SolutionProperties) = preSolution
		HideSolutionNode = FALSE
	EndGlobalSection
	GlobalSection(ExtensibilityGlobals) = postSolution
		SolutionGuid = {8F0EE6A7-3983-4A5E-818E-2C906573FF81}
	EndGlobalSection
EndGlobal
